
Microsoft Visual Studio Solution File, Format Version 12.00
# Visual Studio 14
VisualStudioVersion = 14.0.25420.1
MinimumVisualStudioVersion = 10.0.40219.1
Project("{FAE04EC0-301F-11D3-BF4B-00C04F79EFBC}") = "CALYPSO", "CALYPSO\CALYPSO.csproj", "{70E3BA6D-761E-4ED5-B3A9-F0D8AA6A2474}"
EndProject
Project("{54435603-DBB4-11D2-8724-00A0C9A8B90C}") = "Calypso.setup", "Calypso.setup\Calypso.setup.vdproj", "{A27F9A84-9004-4794-A7C2-9413FA173552}"
EndProject
Global
	GlobalSection(SolutionConfigurationPlatforms) = preSolution
		Debug|Any CPU = Debug|Any CPU
		Release|Any CPU = Release|Any CPU
	EndGlobalSection
	GlobalSection(ProjectConfigurationPlatforms) = postSolution
		{70E3BA6D-761E-4ED5-B3A9-F0D8AA6A2474}.Debug|Any CPU.ActiveCfg = Debug|Any CPU
		{70E3BA6D-761E-4ED5-B3A9-F0D8AA6A2474}.Debug|Any CPU.Build.0 = Debug|Any CPU
		{70E3BA6D-761E-4ED5-B3A9-F0D8AA6A2474}.Release|Any CPU.ActiveCfg = Release|Any CPU
		{70E3BA6D-761E-4ED5-B3A9-F0D8AA6A2474}.Release|Any CPU.Build.0 = Release|Any CPU
		{A27F9A84-9004-4794-A7C2-9413FA173552}.Debug|Any CPU.ActiveCfg = Debug
		{A27F9A84-9004-4794-A7C2-9413FA173552}.Release|Any CPU.ActiveCfg = Release
	EndGlobalSection
	GlobalSection(SolutionProperties) = preSolution
		HideSolutionNode = FALSE
	EndGlobalSection
EndGlobal
